<?xml version="1.0" encoding="utf-8"?>
<Project ToolsVersion="4.0" xmlns="http://schemas.microsoft.com/developer/msbuild/2003">
  <ItemGroup>
    <Filter Include="Assets">
      <UniqueIdentifier>{67DA6AB6-F800-4c08-8B7A-83BB121AAD01}</UniqueIdentifier>
      <Extensions>rc;ico;cur;bmp;dlg;rc2;rct;bin;rgs;gif;jpg;jpeg;jpe;resx;tiff;tif;png;wav;mfcribbon-ms</Extensions>
    </Filter>
    <Filter Include="Sources">
      <UniqueIdentifier>{4FC737F1-C7A5-4376-A066-2A32D752A2FF}</UniqueIdentifier>
      <Extensions>cpp;c;cc;cxx;def;odl;idl;hpj;bat;asm;asmx</Extensions>
    </Filter>
    <Filter Include="Sources\Forms">
      <UniqueIdentifier>{33ffcde8-30d5-47e3-90b2-e3bb2f139eb6}</UniqueIdentifier>
    </Filter>
    <Filter Include="Sources\Forms\Main">
      <UniqueIdentifier>{93995380-89BD-4b04-88EB-625FBE52EBFB}</UniqueIdentifier>
      <Extensions>h;hh;hpp;hxx;hm;inl;inc;ipp;xsd</Extensions>
    </Filter>
  </ItemGroup>
  <ItemGroup>
    <None Include="packages.config" />
  </ItemGroup>
  <ItemGroup>
    <ClInclude Include="src\bass\bass.h">
      <Filter>Sources\Forms\Main</Filter>
    </ClInclude>
    <ClInclude Include="src\bass\bass_fx.h">
      <Filter>Sources\Forms\Main</Filter>
    </ClInclude>
    <ClInclude Include="src\exceptions\exception.hpp">
      <Filter>Sources\Forms\Main</Filter>
    </ClInclude>
    <ClInclude Include="src\forms\main\main-form.hpp">
      <Filter>Sources\Forms\Main</Filter>
    </ClInclude>
    <ClInclude Include="src\general\general.hpp">
      <Filter>Sources\Forms\Main</Filter>
    </ClInclude>
    <ClInclude Include="src\general\pch.h">
      <Filter>Sources\Forms\Main</Filter>
    </ClInclude>
    <ClInclude Include="src\data\locos\base\base.hpp">
      <Filter>Sources\Forms\Main</Filter>
    </ClInclude>
    <ClInclude Include="src\data\locos\chs7\chs7.hpp">
      <Filter>Sources\Forms\Main</Filter>
    </ClInclude>
    <ClInclude Include="src\data\ram.hpp">
      <Filter>Sources\Forms\Main</Filter>
    </ClInclude>
    <ClInclude Include="src\types\types.hpp">
      <Filter>Sources\Forms\Main</Filter>
    </ClInclude>
    <ClInclude Include="src\utils\utils.hpp">
      <Filter>Sources\Forms\Main</Filter>
    </ClInclude>
    <ClInclude Include="src\data\rom.hpp">
      <Filter>Sources\Forms\Main</Filter>
    </ClInclude>
  </ItemGroup>
  <ItemGroup>
    <EmbeddedResource Include="src\forms\main\main-form.resx">
      <Filter>Assets</Filter>
    </EmbeddedResource>
  </ItemGroup>
  <ItemGroup>
    <ClCompile Include="src\general\general.cpp">
      <Filter>Sources</Filter>
    </ClCompile>
    <ClCompile Include="src\general\pch.cpp">
      <Filter>Sources</Filter>
    </ClCompile>
    <ClCompile Include="src\main.cpp">
      <Filter>Sources</Filter>
    </ClCompile>
    <ClCompile Include="src\data\locos\base\base.cpp">
      <Filter>Sources</Filter>
    </ClCompile>
    <ClCompile Include="src\data\locos\chs7\chs7.cpp">
      <Filter>Sources</Filter>
    </ClCompile>
    <ClCompile Include="src\data\ram.cpp">
      <Filter>Sources</Filter>
    </ClCompile>
    <ClCompile Include="src\utils\utils.cpp">
      <Filter>Sources</Filter>
    </ClCompile>
    <ClCompile Include="src\data\rom.cpp">
      <Filter>Sources</Filter>
    </ClCompile>
  </ItemGroup>
</Project>